
Microsoft Visual Studio Solution File, Format Version 12.00
# Visual Studio Version 17
VisualStudioVersion = 17.3.32901.215
MinimumVisualStudioVersion = 10.0.40219.1
Project("{FAE04EC0-301F-11D3-BF4B-00C04F79EFBC}") = "YouAndYourFood", "YouAndYourFood\YouAndYourFood.csproj", "{FB153E06-A47A-4C5F-99FB-5577DBB2FE50}"
EndProject
Global
	GlobalSection(SolutionConfigurationPlatforms) = preSolution
		Debug|Any CPU = Debug|Any CPU
		Release|Any CPU = Release|Any CPU
	EndGlobalSection
	GlobalSection(ProjectConfigurationPlatforms) = postSolution
		{FB153E06-A47A-4C5F-99FB-5577DBB2FE50}.Debug|Any CPU.ActiveCfg = Debug|Any CPU
		{FB153E06-A47A-4C5F-99FB-5577DBB2FE50}.Debug|Any CPU.Build.0 = Debug|Any CPU
		{FB153E06-A47A-4C5F-99FB-5577DBB2FE50}.Release|Any CPU.ActiveCfg = Release|Any CPU
		{FB153E06-A47A-4C5F-99FB-5577DBB2FE50}.Release|Any CPU.Build.0 = Release|Any CPU
	EndGlobalSection
	GlobalSection(SolutionProperties) = preSolution
		HideSolutionNode = FALSE
	EndGlobalSection
	GlobalSection(ExtensibilityGlobals) = postSolution
		SolutionGuid = {5307E709-8874-401A-89D6-01BF91713A99}
	EndGlobalSection
EndGlobal
